
Microsoft Visual Studio Solution File, Format Version 12.00
# Visual Studio Version 16
VisualStudioVersion = 16.0.30804.86
MinimumVisualStudioVersion = 10.0.40219.1
Project("{FAE04EC0-301F-11D3-BF4B-00C04F79EFBC}") = "FKTest", "FKTest\FKTest.csproj", "{C8222A91-BABF-4B9E-9FD2-C097CC2D95F8}"
EndProject
Project("{E53339B2-1760-4266-BCC7-CA923CBCF16C}") = "docker-compose", "docker-compose.dcproj", "{0EAAC3B9-9A25-4FE5-829A-7A0195DA3332}"
EndProject
Global
	GlobalSection(SolutionConfigurationPlatforms) = preSolution
		Debug|Any CPU = Debug|Any CPU
		Release|Any CPU = Release|Any CPU
	EndGlobalSection
	GlobalSection(ProjectConfigurationPlatforms) = postSolution
		{C8222A91-BABF-4B9E-9FD2-C097CC2D95F8}.Debug|Any CPU.ActiveCfg = Debug|Any CPU
		{C8222A91-BABF-4B9E-9FD2-C097CC2D95F8}.Debug|Any CPU.Build.0 = Debug|Any CPU
		{C8222A91-BABF-4B9E-9FD2-C097CC2D95F8}.Release|Any CPU.ActiveCfg = Release|Any CPU
		{C8222A91-BABF-4B9E-9FD2-C097CC2D95F8}.Release|Any CPU.Build.0 = Release|Any CPU
		{0EAAC3B9-9A25-4FE5-829A-7A0195DA3332}.Debug|Any CPU.ActiveCfg = Debug|Any CPU
		{0EAAC3B9-9A25-4FE5-829A-7A0195DA3332}.Debug|Any CPU.Build.0 = Debug|Any CPU
		{0EAAC3B9-9A25-4FE5-829A-7A0195DA3332}.Release|Any CPU.ActiveCfg = Release|Any CPU
		{0EAAC3B9-9A25-4FE5-829A-7A0195DA3332}.Release|Any CPU.Build.0 = Release|Any CPU
	EndGlobalSection
	GlobalSection(SolutionProperties) = preSolution
		HideSolutionNode = FALSE
	EndGlobalSection
	GlobalSection(ExtensibilityGlobals) = postSolution
		SolutionGuid = {0DD6BA7C-2980-4C86-8B16-79A8E8158E96}
	EndGlobalSection
EndGlobal
